// !$*UTF8*$!
{
	archiveVersion = 1;
	classes = {
	};
	objectVersion = 46;
	objects = {

/* Begin PBXBuildFile section */
		841DDE531845D643007D1F5B /* Foundation.framework in Frameworks */ = {isa = PBXBuildFile; fileRef = 841DDE521845D643007D1F5B /* Foundation.framework */; };
		841DDE551845D643007D1F5B /* CoreGraphics.framework in Frameworks */ = {isa = PBXBuildFile; fileRef = 841DDE541845D643007D1F5B /* CoreGraphics.framework */; };
		841DDE571845D643007D1F5B /* UIKit.framework in Frameworks */ = {isa = PBXBuildFile; fileRef = 841DDE561845D643007D1F5B /* UIKit.framework */; };
		841DDE5D1845D643007D1F5B /* InfoPlist.strings in Resources */ = {isa = PBXBuildFile; fileRef = 841DDE5B1845D643007D1F5B /* InfoPlist.strings */; };
		841DDE5F1845D643007D1F5B /* main.m in Sources */ = {isa = PBXBuildFile; fileRef = 841DDE5E1845D643007D1F5B /* main.m */; };
		841DDE631845D643007D1F5B /* nAppDelegate.m in Sources */ = {isa = PBXBuildFile; fileRef = 841DDE621845D643007D1F5B /* nAppDelegate.m */; };
		841DDE661845D643007D1F5B /* Main.storyboard in Resources */ = {isa = PBXBuildFile; fileRef = 841DDE641845D643007D1F5B /* Main.storyboard */; };
		841DDE691845D643007D1F5B /* nViewController.m in Sources */ = {isa = PBXBuildFile; fileRef = 841DDE681845D643007D1F5B /* nViewController.m */; };
		841DDE6B1845D643007D1F5B /* Images.xcassets in Resources */ = {isa = PBXBuildFile; fileRef = 841DDE6A1845D643007D1F5B /* Images.xcassets */; };
		841DDE721845D643007D1F5B /* XCTest.framework in Frameworks */ = {isa = PBXBuildFile; fileRef = 841DDE711845D643007D1F5B /* XCTest.framework */; };
		841DDE731845D643007D1F5B /* Foundation.framework in Frameworks */ = {isa = PBXBuildFile; fileRef = 841DDE521845D643007D1F5B /* Foundation.framework */; };
		841DDE741845D643007D1F5B /* UIKit.framework in Frameworks */ = {isa = PBXBuildFile; fileRef = 841DDE561845D643007D1F5B /* UIKit.framework */; };
		841DDE7C1845D643007D1F5B /* InfoPlist.strings in Resources */ = {isa = PBXBuildFile; fileRef = 841DDE7A1845D643007D1F5B /* InfoPlist.strings */; };
		841DDE7E1845D643007D1F5B /* nehruTests.m in Sources */ = {isa = PBXBuildFile; fileRef = 841DDE7D1845D643007D1F5B /* nehruTests.m */; };
		841DDE8C1845D8F3007D1F5B /* bckgImage1.png in Resources */ = {isa = PBXBuildFile; fileRef = 841DDE881845D8F3007D1F5B /* bckgImage1.png */; };
		841DDE8D1845D8F3007D1F5B /* bckgImage2.png in Resources */ = {isa = PBXBuildFile; fileRef = 841DDE891845D8F3007D1F5B /* bckgImage2.png */; };
		841DDE8E1845D8F3007D1F5B /* bckgImage3.png in Resources */ = {isa = PBXBuildFile; fileRef = 841DDE8A1845D8F3007D1F5B /* bckgImage3.png */; };
		841DDE8F1845D8F3007D1F5B /* bckgImage4.png in Resources */ = {isa = PBXBuildFile; fileRef = 841DDE8B1845D8F3007D1F5B /* bckgImage4.png */; };
		841DDEA6184601D3007D1F5B /* nUserSignIn.m in Sources */ = {isa = PBXBuildFile; fileRef = 841DDEA5184601D3007D1F5B /* nUserSignIn.m */; };
		8447A65B1846F2EA007A0472 /* nSubCatCell.m in Sources */ = {isa = PBXBuildFile; fileRef = 8447A65A1846F2EA007A0472 /* nSubCatCell.m */; };
		8447A65E1846F2FB007A0472 /* nMainCatCell.m in Sources */ = {isa = PBXBuildFile; fileRef = 8447A65D1846F2FB007A0472 /* nMainCatCell.m */; };
		8447A6611846F358007A0472 /* nUserSignUp.m in Sources */ = {isa = PBXBuildFile; fileRef = 8447A6601846F358007A0472 /* nUserSignUp.m */; };
		8447A6661846F718007A0472 /* nSubCat.m in Sources */ = {isa = PBXBuildFile; fileRef = 8447A6651846F718007A0472 /* nSubCat.m */; };
		8447A6691846F725007A0472 /* nMainCat.m in Sources */ = {isa = PBXBuildFile; fileRef = 8447A6681846F725007A0472 /* nMainCat.m */; };
		8447A66B18474580007A0472 /* whiteBckg.png in Resources */ = {isa = PBXBuildFile; fileRef = 8447A66A18474580007A0472 /* whiteBckg.png */; };
/* End PBXBuildFile section */

/* Begin PBXContainerItemProxy section */
		841DDE751845D643007D1F5B /* PBXContainerItemProxy */ = {
			isa = PBXContainerItemProxy;
			containerPortal = 841DDE471845D643007D1F5B /* Project object */;
			proxyType = 1;
			remoteGlobalIDString = 841DDE4E1845D643007D1F5B;
			remoteInfo = nehru;
		};
/* End PBXContainerItemProxy section */

/* Begin PBXFileReference section */
		841DDE4F1845D643007D1F5B /* nehru.app */ = {isa = PBXFileReference; explicitFileType = wrapper.application; includeInIndex = 0; path = nehru.app; sourceTree = BUILT_PRODUCTS_DIR; };
		841DDE521845D643007D1F5B /* Foundation.framework */ = {isa = PBXFileReference; lastKnownFileType = wrapper.framework; name = Foundation.framework; path = System/Library/Frameworks/Foundation.framework; sourceTree = SDKROOT; };
		841DDE541845D643007D1F5B /* CoreGraphics.framework */ = {isa = PBXFileReference; lastKnownFileType = wrapper.framework; name = CoreGraphics.framework; path = System/Library/Frameworks/CoreGraphics.framework; sourceTree = SDKROOT; };
		841DDE561845D643007D1F5B /* UIKit.framework */ = {isa = PBXFileReference; lastKnownFileType = wrapper.framework; name = UIKit.framework; path = System/Library/Frameworks/UIKit.framework; sourceTree = SDKROOT; };
		841DDE5A1845D643007D1F5B /* nehru-Info.plist */ = {isa = PBXFileReference; lastKnownFileType = text.plist.xml; path = "nehru-Info.plist"; sourceTree = "<group>"; };
		841DDE5C1845D643007D1F5B /* en */ = {isa = PBXFileReference; lastKnownFileType = text.plist.strings; name = en; path = en.lproj/InfoPlist.strings; sourceTree = "<group>"; };
		841DDE5E1845D643007D1F5B /* main.m */ = {isa = PBXFileReference; lastKnownFileType = sourcecode.c.objc; path = main.m; sourceTree = "<group>"; };
		841DDE601845D643007D1F5B /* nehru-Prefix.pch */ = {isa = PBXFileReference; lastKnownFileType = sourcecode.c.h; path = "nehru-Prefix.pch"; sourceTree = "<group>"; };
		841DDE611845D643007D1F5B /* nAppDelegate.h */ = {isa = PBXFileReference; lastKnownFileType = sourcecode.c.h; path = nAppDelegate.h; sourceTree = "<group>"; };
		841DDE621845D643007D1F5B /* nAppDelegate.m */ = {isa = PBXFileReference; lastKnownFileType = sourcecode.c.objc; path = nAppDelegate.m; sourceTree = "<group>"; };
		841DDE651845D643007D1F5B /* Base */ = {isa = PBXFileReference; lastKnownFileType = file.storyboard; name = Base; path = Base.lproj/Main.storyboard; sourceTree = "<group>"; };
		841DDE671845D643007D1F5B /* nViewController.h */ = {isa = PBXFileReference; lastKnownFileType = sourcecode.c.h; path = nViewController.h; sourceTree = "<group>"; };
		841DDE681845D643007D1F5B /* nViewController.m */ = {isa = PBXFileReference; lastKnownFileType = sourcecode.c.objc; path = nViewController.m; sourceTree = "<group>"; };
		841DDE6A1845D643007D1F5B /* Images.xcassets */ = {isa = PBXFileReference; lastKnownFileType = folder.assetcatalog; path = Images.xcassets; sourceTree = "<group>"; };
		841DDE701845D643007D1F5B /* nehruTests.xctest */ = {isa = PBXFileReference; explicitFileType = wrapper.cfbundle; includeInIndex = 0; path = nehruTests.xctest; sourceTree = BUILT_PRODUCTS_DIR; };
		841DDE711845D643007D1F5B /* XCTest.framework */ = {isa = PBXFileReference; lastKnownFileType = wrapper.framework; name = XCTest.framework; path = Library/Frameworks/XCTest.framework; sourceTree = DEVELOPER_DIR; };
		841DDE791845D643007D1F5B /* nehruTests-Info.plist */ = {isa = PBXFileReference; lastKnownFileType = text.plist.xml; path = "nehruTests-Info.plist"; sourceTree = "<group>"; };
		841DDE7B1845D643007D1F5B /* en */ = {isa = PBXFileReference; lastKnownFileType = text.plist.strings; name = en; path = en.lproj/InfoPlist.strings; sourceTree = "<group>"; };
		841DDE7D1845D643007D1F5B /* nehruTests.m */ = {isa = PBXFileReference; lastKnownFileType = sourcecode.c.objc; path = nehruTests.m; sourceTree = "<group>"; };
		841DDE881845D8F3007D1F5B /* bckgImage1.png */ = {isa = PBXFileReference; lastKnownFileType = image.png; path = bckgImage1.png; sourceTree = "<group>"; };
		841DDE891845D8F3007D1F5B /* bckgImage2.png */ = {isa = PBXFileReference; lastKnownFileType = image.png; path = bckgImage2.png; sourceTree = "<group>"; };
		841DDE8A1845D8F3007D1F5B /* bckgImage3.png */ = {isa = PBXFileReference; lastKnownFileType = image.png; path = bckgImage3.png; sourceTree = "<group>"; };
		841DDE8B1845D8F3007D1F5B /* bckgImage4.png */ = {isa = PBXFileReference; lastKnownFileType = image.png; path = bckgImage4.png; sourceTree = "<group>"; };
		841DDEA4184601D3007D1F5B /* nUserSignIn.h */ = {isa = PBXFileReference; fileEncoding = 4; lastKnownFileType = sourcecode.c.h; path = nUserSignIn.h; sourceTree = "<group>"; };
		841DDEA5184601D3007D1F5B /* nUserSignIn.m */ = {isa = PBXFileReference; fileEncoding = 4; lastKnownFileType = sourcecode.c.objc; path = nUserSignIn.m; sourceTree = "<group>"; };
		8447A6591846F2EA007A0472 /* nSubCatCell.h */ = {isa = PBXFileReference; fileEncoding = 4; lastKnownFileType = sourcecode.c.h; path = nSubCatCell.h; sourceTree = "<group>"; };
		8447A65A1846F2EA007A0472 /* nSubCatCell.m */ = {isa = PBXFileReference; fileEncoding = 4; lastKnownFileType = sourcecode.c.objc; path = nSubCatCell.m; sourceTree = "<group>"; };
		8447A65C1846F2FB007A0472 /* nMainCatCell.h */ = {isa = PBXFileReference; fileEncoding = 4; lastKnownFileType = sourcecode.c.h; path = nMainCatCell.h; sourceTree = "<group>"; };
		8447A65D1846F2FB007A0472 /* nMainCatCell.m */ = {isa = PBXFileReference; fileEncoding = 4; lastKnownFileType = sourcecode.c.objc; path = nMainCatCell.m; sourceTree = "<group>"; };
		8447A65F1846F358007A0472 /* nUserSignUp.h */ = {isa = PBXFileReference; fileEncoding = 4; lastKnownFileType = sourcecode.c.h; path = nUserSignUp.h; sourceTree = "<group>"; };
		8447A6601846F358007A0472 /* nUserSignUp.m */ = {isa = PBXFileReference; fileEncoding = 4; lastKnownFileType = sourcecode.c.objc; path = nUserSignUp.m; sourceTree = "<group>"; };
		8447A6641846F718007A0472 /* nSubCat.h */ = {isa = PBXFileReference; fileEncoding = 4; lastKnownFileType = sourcecode.c.h; path = nSubCat.h; sourceTree = "<group>"; };
		8447A6651846F718007A0472 /* nSubCat.m */ = {isa = PBXFileReference; fileEncoding = 4; lastKnownFileType = sourcecode.c.objc; path = nSubCat.m; sourceTree = "<group>"; };
		8447A6671846F725007A0472 /* nMainCat.h */ = {isa = PBXFileReference; fileEncoding = 4; lastKnownFileType = sourcecode.c.h; path = nMainCat.h; sourceTree = "<group>"; };
		8447A6681846F725007A0472 /* nMainCat.m */ = {isa = PBXFileReference; fileEncoding = 4; lastKnownFileType = sourcecode.c.objc; path = nMainCat.m; sourceTree = "<group>"; };
		8447A66A18474580007A0472 /* whiteBckg.png */ = {isa = PBXFileReference; lastKnownFileType = image.png; path = whiteBckg.png; sourceTree = "<group>"; };
/* End PBXFileReference section */

/* Begin PBXFrameworksBuildPhase section */
		841DDE4C1845D643007D1F5B /* Frameworks */ = {
			isa = PBXFrameworksBuildPhase;
			buildActionMask = 2147483647;
			files = (
				841DDE551845D643007D1F5B /* CoreGraphics.framework in Frameworks */,
				841DDE571845D643007D1F5B /* UIKit.framework in Frameworks */,
				841DDE531845D643007D1F5B /* Foundation.framework in Frameworks */,
			);
			runOnlyForDeploymentPostprocessing = 0;
		};
		841DDE6D1845D643007D1F5B /* Frameworks */ = {
			isa = PBXFrameworksBuildPhase;
			buildActionMask = 2147483647;
			files = (
				841DDE721845D643007D1F5B /* XCTest.framework in Frameworks */,
				841DDE741845D643007D1F5B /* UIKit.framework in Frameworks */,
				841DDE731845D643007D1F5B /* Foundation.framework in Frameworks */,
			);
			runOnlyForDeploymentPostprocessing = 0;
		};
/* End PBXFrameworksBuildPhase section */

/* Begin PBXGroup section */
		841DDE461845D643007D1F5B = {
			isa = PBXGroup;
			children = (
				841DDE911845FA36007D1F5B /* Classes */,
				841DDE901845FA2F007D1F5B /* Controllers */,
				841DDE871845D8D9007D1F5B /* Images */,
				841DDE581845D643007D1F5B /* nehru */,
				841DDE771845D643007D1F5B /* nehruTests */,
				841DDE511845D643007D1F5B /* Frameworks */,
				841DDE501845D643007D1F5B /* Products */,
			);
			sourceTree = "<group>";
		};
		841DDE501845D643007D1F5B /* Products */ = {
			isa = PBXGroup;
			children = (
				841DDE4F1845D643007D1F5B /* nehru.app */,
				841DDE701845D643007D1F5B /* nehruTests.xctest */,
			);
			name = Products;
			sourceTree = "<group>";
		};
		841DDE511845D643007D1F5B /* Frameworks */ = {
			isa = PBXGroup;
			children = (
				841DDE521845D643007D1F5B /* Foundation.framework */,
				841DDE541845D643007D1F5B /* CoreGraphics.framework */,
				841DDE561845D643007D1F5B /* UIKit.framework */,
				841DDE711845D643007D1F5B /* XCTest.framework */,
			);
			name = Frameworks;
			sourceTree = "<group>";
		};
		841DDE581845D643007D1F5B /* nehru */ = {
			isa = PBXGroup;
			children = (
				841DDE611845D643007D1F5B /* nAppDelegate.h */,
				841DDE621845D643007D1F5B /* nAppDelegate.m */,
				841DDE641845D643007D1F5B /* Main.storyboard */,
				841DDE671845D643007D1F5B /* nViewController.h */,
				841DDE681845D643007D1F5B /* nViewController.m */,
				841DDE6A1845D643007D1F5B /* Images.xcassets */,
				841DDE591845D643007D1F5B /* Supporting Files */,
			);
			path = nehru;
			sourceTree = "<group>";
		};
		841DDE591845D643007D1F5B /* Supporting Files */ = {
			isa = PBXGroup;
			children = (
				841DDE5A1845D643007D1F5B /* nehru-Info.plist */,
				841DDE5B1845D643007D1F5B /* InfoPlist.strings */,
				841DDE5E1845D643007D1F5B /* main.m */,
				841DDE601845D643007D1F5B /* nehru-Prefix.pch */,
			);
			name = "Supporting Files";
			sourceTree = "<group>";
		};
		841DDE771845D643007D1F5B /* nehruTests */ = {
			isa = PBXGroup;
			children = (
				841DDE7D1845D643007D1F5B /* nehruTests.m */,
				841DDE781845D643007D1F5B /* Supporting Files */,
			);
			path = nehruTests;
			sourceTree = "<group>";
		};
		841DDE781845D643007D1F5B /* Supporting Files */ = {
			isa = PBXGroup;
			children = (
				841DDE791845D643007D1F5B /* nehruTests-Info.plist */,
				841DDE7A1845D643007D1F5B /* InfoPlist.strings */,
			);
			name = "Supporting Files";
			sourceTree = "<group>";
		};
		841DDE871845D8D9007D1F5B /* Images */ = {
			isa = PBXGroup;
			children = (
				8447A66A18474580007A0472 /* whiteBckg.png */,
				841DDE881845D8F3007D1F5B /* bckgImage1.png */,
				841DDE891845D8F3007D1F5B /* bckgImage2.png */,
				841DDE8A1845D8F3007D1F5B /* bckgImage3.png */,
				841DDE8B1845D8F3007D1F5B /* bckgImage4.png */,
			);
			name = Images;
			sourceTree = "<group>";
		};
		841DDE901845FA2F007D1F5B /* Controllers */ = {
			isa = PBXGroup;
			children = (
				8447A6631846F701007A0472 /* Sub Category */,
				8447A6621846F6CB007A0472 /* Main Category */,
				841DDEA3184601A2007D1F5B /* SignIn */,
				841DDEA218460168007D1F5B /* Sign Up */,
			);
			name = Controllers;
			sourceTree = "<group>";
		};
		841DDE911845FA36007D1F5B /* Classes */ = {
			isa = PBXGroup;
			children = (
				8447A6561846F2AB007A0472 /* Custom Cell */,
			);
			name = Classes;
			sourceTree = "<group>";
		};
		841DDEA218460168007D1F5B /* Sign Up */ = {
			isa = PBXGroup;
			children = (
				8447A65F1846F358007A0472 /* nUserSignUp.h */,
				8447A6601846F358007A0472 /* nUserSignUp.m */,
			);
			name = "Sign Up";
			sourceTree = "<group>";
		};
		841DDEA3184601A2007D1F5B /* SignIn */ = {
			isa = PBXGroup;
			children = (
				841DDEA4184601D3007D1F5B /* nUserSignIn.h */,
				841DDEA5184601D3007D1F5B /* nUserSignIn.m */,
			);
			name = SignIn;
			sourceTree = "<group>";
		};
		8447A6561846F2AB007A0472 /* Custom Cell */ = {
			isa = PBXGroup;
			children = (
				8447A6581846F2CC007A0472 /* SubCat */,
				8447A6571846F2B6007A0472 /* MainCat */,
			);
			name = "Custom Cell";
			sourceTree = "<group>";
		};
		8447A6571846F2B6007A0472 /* MainCat */ = {
			isa = PBXGroup;
			children = (
				8447A65C1846F2FB007A0472 /* nMainCatCell.h */,
				8447A65D1846F2FB007A0472 /* nMainCatCell.m */,
			);
			name = MainCat;
			sourceTree = "<group>";
		};
		8447A6581846F2CC007A0472 /* SubCat */ = {
			isa = PBXGroup;
			children = (
				8447A6591846F2EA007A0472 /* nSubCatCell.h */,
				8447A65A1846F2EA007A0472 /* nSubCatCell.m */,
			);
			name = SubCat;
			sourceTree = "<group>";
		};
		8447A6621846F6CB007A0472 /* Main Category */ = {
			isa = PBXGroup;
			children = (
				8447A6671846F725007A0472 /* nMainCat.h */,
				8447A6681846F725007A0472 /* nMainCat.m */,
			);
			name = "Main Category";
			sourceTree = "<group>";
		};
		8447A6631846F701007A0472 /* Sub Category */ = {
			isa = PBXGroup;
			children = (
				8447A6641846F718007A0472 /* nSubCat.h */,
				8447A6651846F718007A0472 /* nSubCat.m */,
			);
			name = "Sub Category";
			sourceTree = "<group>";
		};
/* End PBXGroup section */

/* Begin PBXNativeTarget section */
		841DDE4E1845D643007D1F5B /* nehru */ = {
			isa = PBXNativeTarget;
			buildConfigurationList = 841DDE811845D643007D1F5B /* Build configuration list for PBXNativeTarget "nehru" */;
			buildPhases = (
				841DDE4B1845D643007D1F5B /* Sources */,
				841DDE4C1845D643007D1F5B /* Frameworks */,
				841DDE4D1845D643007D1F5B /* Resources */,
			);
			buildRules = (
			);
			dependencies = (
			);
			name = nehru;
			productName = nehru;
			productReference = 841DDE4F1845D643007D1F5B /* nehru.app */;
			productType = "com.apple.product-type.application";
		};
		841DDE6F1845D643007D1F5B /* nehruTests */ = {
			isa = PBXNativeTarget;
			buildConfigurationList = 841DDE841845D643007D1F5B /* Build configuration list for PBXNativeTarget "nehruTests" */;
			buildPhases = (
				841DDE6C1845D643007D1F5B /* Sources */,
				841DDE6D1845D643007D1F5B /* Frameworks */,
				841DDE6E1845D643007D1F5B /* Resources */,
			);
			buildRules = (
			);
			dependencies = (
				841DDE761845D643007D1F5B /* PBXTargetDependency */,
			);
			name = nehruTests;
			productName = nehruTests;
			productReference = 841DDE701845D643007D1F5B /* nehruTests.xctest */;
			productType = "com.apple.product-type.bundle.unit-test";
		};
/* End PBXNativeTarget section */

/* Begin PBXProject section */
		841DDE471845D643007D1F5B /* Project object */ = {
			isa = PBXProject;
			attributes = {
				CLASSPREFIX = n;
				LastUpgradeCheck = 0500;
				ORGANIZATIONNAME = nehru;
				TargetAttributes = {
					841DDE6F1845D643007D1F5B = {
						TestTargetID = 841DDE4E1845D643007D1F5B;
					};
				};
			};
			buildConfigurationList = 841DDE4A1845D643007D1F5B /* Build configuration list for PBXProject "nehru" */;
			compatibilityVersion = "Xcode 3.2";
			developmentRegion = English;
			hasScannedForEncodings = 0;
			knownRegions = (
				en,
				Base,
			);
			mainGroup = 841DDE461845D643007D1F5B;
			productRefGroup = 841DDE501845D643007D1F5B /* Products */;
			projectDirPath = "";
			projectRoot = "";
			targets = (
				841DDE4E1845D643007D1F5B /* nehru */,
				841DDE6F1845D643007D1F5B /* nehruTests */,
			);
		};
/* End PBXProject section */

/* Begin PBXResourcesBuildPhase section */
		841DDE4D1845D643007D1F5B /* Resources */ = {
			isa = PBXResourcesBuildPhase;
			buildActionMask = 2147483647;
			files = (
				8447A66B18474580007A0472 /* whiteBckg.png in Resources */,
				841DDE8D1845D8F3007D1F5B /* bckgImage2.png in Resources */,
				841DDE8C1845D8F3007D1F5B /* bckgImage1.png in Resources */,
				841DDE8E1845D8F3007D1F5B /* bckgImage3.png in Resources */,
				841DDE8F1845D8F3007D1F5B /* bckgImage4.png in Resources */,
				841DDE6B1845D643007D1F5B /* Images.xcassets in Resources */,
				841DDE5D1845D643007D1F5B /* InfoPlist.strings in Resources */,
				841DDE661845D643007D1F5B /* Main.storyboard in Resources */,
			);
			runOnlyForDeploymentPostprocessing = 0;
		};
		841DDE6E1845D643007D1F5B /* Resources */ = {
			isa = PBXResourcesBuildPhase;
			buildActionMask = 2147483647;
			files = (
				841DDE7C1845D643007D1F5B /* InfoPlist.strings in Resources */,
			);
			runOnlyForDeploymentPostprocessing = 0;
		};
/* End PBXResourcesBuildPhase section */

/* Begin PBXSourcesBuildPhase section */
		841DDE4B1845D643007D1F5B /* Sources */ = {
			isa = PBXSourcesBuildPhase;
			buildActionMask = 2147483647;
			files = (
				8447A65B1846F2EA007A0472 /* nSubCatCell.m in Sources */,
				841DDE691845D643007D1F5B /* nViewController.m in Sources */,
				8447A65E1846F2FB007A0472 /* nMainCatCell.m in Sources */,
				8447A6611846F358007A0472 /* nUserSignUp.m in Sources */,
				8447A6661846F718007A0472 /* nSubCat.m in Sources */,
				841DDEA6184601D3007D1F5B /* nUserSignIn.m in Sources */,
				841DDE5F1845D643007D1F5B /* main.m in Sources */,
				8447A6691846F725007A0472 /* nMainCat.m in Sources */,
				841DDE631845D643007D1F5B /* nAppDelegate.m in Sources */,
			);
			runOnlyForDeploymentPostprocessing = 0;
		};
		841DDE6C1845D643007D1F5B /* Sources */ = {
			isa = PBXSourcesBuildPhase;
			buildActionMask = 2147483647;
			files = (
				841DDE7E1845D643007D1F5B /* nehruTests.m in Sources */,
			);
			runOnlyForDeploymentPostprocessing = 0;
		};
/* End PBXSourcesBuildPhase section */

/* Begin PBXTargetDependency section */
		841DDE761845D643007D1F5B /* PBXTargetDependency */ = {
			isa = PBXTargetDependency;
			target = 841DDE4E1845D643007D1F5B /* nehru */;
			targetProxy = 841DDE751845D643007D1F5B /* PBXContainerItemProxy */;
		};
/* End PBXTargetDependency section */

/* Begin PBXVariantGroup section */
		841DDE5B1845D643007D1F5B /* InfoPlist.strings */ = {
			isa = PBXVariantGroup;
			children = (
				841DDE5C1845D643007D1F5B /* en */,
			);
			name = InfoPlist.strings;
			sourceTree = "<group>";
		};
		841DDE641845D643007D1F5B /* Main.storyboard */ = {
			isa = PBXVariantGroup;
			children = (
				841DDE651845D643007D1F5B /* Base */,
			);
			name = Main.storyboard;
			sourceTree = "<group>";
		};
		841DDE7A1845D643007D1F5B /* InfoPlist.strings */ = {
			isa = PBXVariantGroup;
			children = (
				841DDE7B1845D643007D1F5B /* en */,
			);
			name = InfoPlist.strings;
			sourceTree = "<group>";
		};
/* End PBXVariantGroup section */

/* Begin XCBuildConfiguration section */
		841DDE7F1845D643007D1F5B /* Debug */ = {
			isa = XCBuildConfiguration;
			buildSettings = {
				ALWAYS_SEARCH_USER_PATHS = NO;
				ARCHS = "$(ARCHS_STANDARD_INCLUDING_64_BIT)";
				CLANG_CXX_LANGUAGE_STANDARD = "gnu++0x";
				CLANG_CXX_LIBRARY = "libc++";
				CLANG_ENABLE_MODULES = YES;
				CLANG_ENABLE_OBJC_ARC = YES;
				CLANG_WARN_BOOL_CONVERSION = YES;
				CLANG_WARN_CONSTANT_CONVERSION = YES;
				CLANG_WARN_DIRECT_OBJC_ISA_USAGE = YES_ERROR;
				CLANG_WARN_EMPTY_BODY = YES;
				CLANG_WARN_ENUM_CONVERSION = YES;
				CLANG_WARN_INT_CONVERSION = YES;
				CLANG_WARN_OBJC_ROOT_CLASS = YES_ERROR;
				CLANG_WARN__DUPLICATE_METHOD_MATCH = YES;
				"CODE_SIGN_IDENTITY[sdk=iphoneos*]" = "iPhone Developer";
				COPY_PHASE_STRIP = NO;
				GCC_C_LANGUAGE_STANDARD = gnu99;
				GCC_DYNAMIC_NO_PIC = NO;
				GCC_OPTIMIZATION_LEVEL = 0;
				GCC_PREPROCESSOR_DEFINITIONS = (
					"DEBUG=1",
					"$(inherited)",
				);
				GCC_SYMBOLS_PRIVATE_EXTERN = NO;
				GCC_WARN_64_TO_32_BIT_CONVERSION = YES;
				GCC_WARN_ABOUT_RETURN_TYPE = YES_ERROR;
				GCC_WARN_UNDECLARED_SELECTOR = YES;
				GCC_WARN_UNINITIALIZED_AUTOS = YES;
				GCC_WARN_UNUSED_FUNCTION = YES;
				GCC_WARN_UNUSED_VARIABLE = YES;
				IPHONEOS_DEPLOYMENT_TARGET = 7.0;
				ONLY_ACTIVE_ARCH = YES;
				SDKROOT = iphoneos;
			};
			name = Debug;
		};
		841DDE801845D643007D1F5B /* Release */ = {
			isa = XCBuildConfiguration;
			buildSettings = {
				ALWAYS_SEARCH_USER_PATHS = NO;
				ARCHS = "$(ARCHS_STANDARD_INCLUDING_64_BIT)";
				CLANG_CXX_LANGUAGE_STANDARD = "gnu++0x";
				CLANG_CXX_LIBRARY = "libc++";
				CLANG_ENABLE_MODULES = YES;
				CLANG_ENABLE_OBJC_ARC = YES;
				CLANG_WARN_BOOL_CONVERSION = YES;
				CLANG_WARN_CONSTANT_CONVERSION = YES;
				CLANG_WARN_DIRECT_OBJC_ISA_USAGE = YES_ERROR;
				CLANG_WARN_EMPTY_BODY = YES;
				CLANG_WARN_ENUM_CONVERSION = YES;
				CLANG_WARN_INT_CONVERSION = YES;
				CLANG_WARN_OBJC_ROOT_CLASS = YES_ERROR;
				CLANG_WARN__DUPLICATE_METHOD_MATCH = YES;
				"CODE_SIGN_IDENTITY[sdk=iphoneos*]" = "iPhone Developer";
				COPY_PHASE_STRIP = YES;
				ENABLE_NS_ASSERTIONS = NO;
				GCC_C_LANGUAGE_STANDARD = gnu99;
				GCC_WARN_64_TO_32_BIT_CONVERSION = YES;
				GCC_WARN_ABOUT_RETURN_TYPE = YES_ERROR;
				GCC_WARN_UNDECLARED_SELECTOR = YES;
				GCC_WARN_UNINITIALIZED_AUTOS = YES;
				GCC_WARN_UNUSED_FUNCTION = YES;
				GCC_WARN_UNUSED_VARIABLE = YES;
				IPHONEOS_DEPLOYMENT_TARGET = 7.0;
				SDKROOT = iphoneos;
				VALIDATE_PRODUCT = YES;
			};
			name = Release;
		};
		841DDE821845D643007D1F5B /* Debug */ = {
			isa = XCBuildConfiguration;
			buildSettings = {
				ASSETCATALOG_COMPILER_APPICON_NAME = AppIcon;
				ASSETCATALOG_COMPILER_LAUNCHIMAGE_NAME = LaunchImage;
				GCC_PRECOMPILE_PREFIX_HEADER = YES;
				GCC_PREFIX_HEADER = "nehru/nehru-Prefix.pch";
				INFOPLIST_FILE = "nehru/nehru-Info.plist";
				IPHONEOS_DEPLOYMENT_TARGET = 6.0;
				PRODUCT_NAME = "$(TARGET_NAME)";
				WRAPPER_EXTENSION = app;
			};
			name = Debug;
		};
		841DDE831845D643007D1F5B /* Release */ = {
			isa = XCBuildConfiguration;
			buildSettings = {
				ASSETCATALOG_COMPILER_APPICON_NAME = AppIcon;
				ASSETCATALOG_COMPILER_LAUNCHIMAGE_NAME = LaunchImage;
				GCC_PRECOMPILE_PREFIX_HEADER = YES;
				GCC_PREFIX_HEADER = "nehru/nehru-Prefix.pch";
				INFOPLIST_FILE = "nehru/nehru-Info.plist";
				IPHONEOS_DEPLOYMENT_TARGET = 6.0;
				PRODUCT_NAME = "$(TARGET_NAME)";
				WRAPPER_EXTENSION = app;
			};
			name = Release;
		};
		841DDE851845D643007D1F5B /* Debug */ = {
			isa = XCBuildConfiguration;
			buildSettings = {
				ARCHS = "$(ARCHS_STANDARD_INCLUDING_64_BIT)";
				BUNDLE_LOADER = "$(BUILT_PRODUCTS_DIR)/nehru.app/nehru";
				FRAMEWORK_SEARCH_PATHS = (
					"$(SDKROOT)/Developer/Library/Frameworks",
					"$(inherited)",
					"$(DEVELOPER_FRAMEWORKS_DIR)",
				);
				GCC_PRECOMPILE_PREFIX_HEADER = YES;
				GCC_PREFIX_HEADER = "nehru/nehru-Prefix.pch";
				GCC_PREPROCESSOR_DEFINITIONS = (
					"DEBUG=1",
					"$(inherited)",
				);
				INFOPLIST_FILE = "nehruTests/nehruTests-Info.plist";
				PRODUCT_NAME = "$(TARGET_NAME)";
				TEST_HOST = "$(BUNDLE_LOADER)";
				WRAPPER_EXTENSION = xctest;
			};
			name = Debug;
		};
		841DDE861845D643007D1F5B /* Release */ = {
			isa = XCBuildConfiguration;
			buildSettings = {
				ARCHS = "$(ARCHS_STANDARD_INCLUDING_64_BIT)";
				BUNDLE_LOADER = "$(BUILT_PRODUCTS_DIR)/nehru.app/nehru";
				FRAMEWORK_SEARCH_PATHS = (
					"$(SDKROOT)/Developer/Library/Frameworks",
					"$(inherited)",
					"$(DEVELOPER_FRAMEWORKS_DIR)",
				);
				GCC_PRECOMPILE_PREFIX_HEADER = YES;
				GCC_PREFIX_HEADER = "nehru/nehru-Prefix.pch";
				INFOPLIST_FILE = "nehruTests/nehruTests-Info.plist";
				PRODUCT_NAME = "$(TARGET_NAME)";
				TEST_HOST = "$(BUNDLE_LOADER)";
				WRAPPER_EXTENSION = xctest;
			};
			name = Release;
		};
/* End XCBuildConfiguration section */

/* Begin XCConfigurationList section */
		841DDE4A1845D643007D1F5B /* Build configuration list for PBXProject "nehru" */ = {
			isa = XCConfigurationList;
			buildConfigurations = (
				841DDE7F1845D643007D1F5B /* Debug */,
				841DDE801845D643007D1F5B /* Release */,
			);
			defaultConfigurationIsVisible = 0;
			defaultConfigurationName = Release;
		};
		841DDE811845D643007D1F5B /* Build configuration list for PBXNativeTarget "nehru" */ = {
			isa = XCConfigurationList;
			buildConfigurations = (
				841DDE821845D643007D1F5B /* Debug */,
				841DDE831845D643007D1F5B /* Release */,
			);
			defaultConfigurationIsVisible = 0;
			defaultConfigurationName = Release;
		};
		841DDE841845D643007D1F5B /* Build configuration list for PBXNativeTarget "nehruTests" */ = {
			isa = XCConfigurationList;
			buildConfigurations = (
				841DDE851845D643007D1F5B /* Debug */,
				841DDE861845D643007D1F5B /* Release */,
			);
			defaultConfigurationIsVisible = 0;
			defaultConfigurationName = Release;
		};
/* End XCConfigurationList section */
	};
	rootObject = 841DDE471845D643007D1F5B /* Project object */;
}
